
Microsoft Visual Studio Solution File, Format Version 12.00
# Visual Studio Version 16
VisualStudioVersion = 16.0.31515.178
MinimumVisualStudioVersion = 10.0.40219.1
Project("{9A19103F-16F7-4668-BE54-9A1E7A4F7556}") = "APITransaction", "APITransaction\APITransaction.csproj", "{5E8239D2-EEB5-4E09-A84B-32F18153A2BC}"
EndProject
Project("{9A19103F-16F7-4668-BE54-9A1E7A4F7556}") = "Service_Transaction", "Service_Transaction\Service_Transaction.csproj", "{E64B2E57-4E9C-4484-825F-360C99F47430}"
EndProject
Project("{9A19103F-16F7-4668-BE54-9A1E7A4F7556}") = "EFCore_Transaction", "EFCore_Transaction\EFCore_Transaction.csproj", "{7A3AF5B6-80F6-4C51-886A-84FD3E0B1645}"
EndProject
Project("{9A19103F-16F7-4668-BE54-9A1E7A4F7556}") = "BlazorServer_Transaction", "BlazorServer_Transaction\BlazorServer_Transaction.csproj", "{B91B8E74-B404-469F-B472-1DA248A964FD}"
EndProject
Global
	GlobalSection(SolutionConfigurationPlatforms) = preSolution
		Debug|Any CPU = Debug|Any CPU
		Release|Any CPU = Release|Any CPU
	EndGlobalSection
	GlobalSection(ProjectConfigurationPlatforms) = postSolution
		{5E8239D2-EEB5-4E09-A84B-32F18153A2BC}.Debug|Any CPU.ActiveCfg = Debug|Any CPU
		{5E8239D2-EEB5-4E09-A84B-32F18153A2BC}.Debug|Any CPU.Build.0 = Debug|Any CPU
		{5E8239D2-EEB5-4E09-A84B-32F18153A2BC}.Release|Any CPU.ActiveCfg = Release|Any CPU
		{5E8239D2-EEB5-4E09-A84B-32F18153A2BC}.Release|Any CPU.Build.0 = Release|Any CPU
		{E64B2E57-4E9C-4484-825F-360C99F47430}.Debug|Any CPU.ActiveCfg = Debug|Any CPU
		{E64B2E57-4E9C-4484-825F-360C99F47430}.Debug|Any CPU.Build.0 = Debug|Any CPU
		{E64B2E57-4E9C-4484-825F-360C99F47430}.Release|Any CPU.ActiveCfg = Release|Any CPU
		{E64B2E57-4E9C-4484-825F-360C99F47430}.Release|Any CPU.Build.0 = Release|Any CPU
		{7A3AF5B6-80F6-4C51-886A-84FD3E0B1645}.Debug|Any CPU.ActiveCfg = Debug|Any CPU
		{7A3AF5B6-80F6-4C51-886A-84FD3E0B1645}.Debug|Any CPU.Build.0 = Debug|Any CPU
		{7A3AF5B6-80F6-4C51-886A-84FD3E0B1645}.Release|Any CPU.ActiveCfg = Release|Any CPU
		{7A3AF5B6-80F6-4C51-886A-84FD3E0B1645}.Release|Any CPU.Build.0 = Release|Any CPU
		{B91B8E74-B404-469F-B472-1DA248A964FD}.Debug|Any CPU.ActiveCfg = Debug|Any CPU
		{B91B8E74-B404-469F-B472-1DA248A964FD}.Debug|Any CPU.Build.0 = Debug|Any CPU
		{B91B8E74-B404-469F-B472-1DA248A964FD}.Release|Any CPU.ActiveCfg = Release|Any CPU
		{B91B8E74-B404-469F-B472-1DA248A964FD}.Release|Any CPU.Build.0 = Release|Any CPU
	EndGlobalSection
	GlobalSection(SolutionProperties) = preSolution
		HideSolutionNode = FALSE
	EndGlobalSection
	GlobalSection(ExtensibilityGlobals) = postSolution
		SolutionGuid = {3EC9FA77-2548-4F51-A40D-BD03DE0F0F48}
	EndGlobalSection
EndGlobal
